
Microsoft Visual Studio Solution File, Format Version 12.00
# Visual Studio Version 17
VisualStudioVersion = 17.2.32630.192
MinimumVisualStudioVersion = 10.0.40219.1
Project("{FAE04EC0-301F-11D3-BF4B-00C04F79EFBC}") = "CarritoOnline3", "CarritoOnline3.csproj", "{1FBD980C-679D-471E-852F-1FEA49DF884B}"
EndProject
Global
	GlobalSection(SolutionConfigurationPlatforms) = preSolution
		Debug|Any CPU = Debug|Any CPU
		Release|Any CPU = Release|Any CPU
	EndGlobalSection
	GlobalSection(ProjectConfigurationPlatforms) = postSolution
		{1FBD980C-679D-471E-852F-1FEA49DF884B}.Debug|Any CPU.ActiveCfg = Debug|Any CPU
		{1FBD980C-679D-471E-852F-1FEA49DF884B}.Debug|Any CPU.Build.0 = Debug|Any CPU
		{1FBD980C-679D-471E-852F-1FEA49DF884B}.Release|Any CPU.ActiveCfg = Release|Any CPU
		{1FBD980C-679D-471E-852F-1FEA49DF884B}.Release|Any CPU.Build.0 = Release|Any CPU
	EndGlobalSection
	GlobalSection(SolutionProperties) = preSolution
		HideSolutionNode = FALSE
	EndGlobalSection
	GlobalSection(ExtensibilityGlobals) = postSolution
		SolutionGuid = {805D4B6E-061C-4FAF-95EF-2846F6CE026C}
	EndGlobalSection
EndGlobal
